# This file is automatically @generated by Poetry 1.8.3 and should not be changed by hand.

[[package]]
name = "pycurl"
version = "7.45.4"
description = "PycURL -- A Python Interface To The cURL library"
optional = false
python-versions = ">=3.5"
files = [
    {file = "pycurl-7.45.4-cp310-cp310-macosx_10_9_x86_64.whl", hash = "sha256:247b4af8eab7d04137a7f1a98391930e04ea93dc669b64db5625070fe15f80a3"},
    {file = "pycurl-7.45.4-cp310-cp310-macosx_11_0_arm64.whl", hash = "sha256:561f88697f7540634b1c750146f37bdc0da367b15f6b4ab2bb780871ee6ab005"},
    {file = "pycurl-7.45.4-cp310-cp310-manylinux_2_28_aarch64.whl", hash = "sha256:b485fdaf78553f0b8e1c2803bb7dcbe47a7b47594f846fc7e9d3b94d794cfc89"},
    {file = "pycurl-7.45.4-cp310-cp310-manylinux_2_28_x86_64.whl", hash = "sha256:e7ae49b88a5d57485fbabef004534225dfe04dc15716a61fae1a0c7f46f2279e"},
    {file = "pycurl-7.45.4-cp310-cp310-win32.whl", hash = "sha256:d14f954ecd21a070038d65ef1c6d1d3ab220f952ff703d48313123222097615c"},
    {file = "pycurl-7.45.4-cp310-cp310-win_amd64.whl", hash = "sha256:2548c3291a33c821f0f80bf9989fc43b5d90fb78b534a7015c8419b83c6f5803"},
    {file = "pycurl-7.45.4-cp311-cp311-macosx_10_9_x86_64.whl", hash = "sha256:f6c0e22052946bbfa25be67f9d1d6639eff10781c89f0cf6f3ff2099273d1bad"},
    {file = "pycurl-7.45.4-cp311-cp311-macosx_11_0_arm64.whl", hash = "sha256:acf25cfdaf914db21a2a6e9e274b6d95e3fa2b6018c38f2c58c94b5d8ac3d1b7"},
    {file = "pycurl-7.45.4-cp311-cp311-manylinux_2_28_aarch64.whl", hash = "sha256:a39f28f031885485325034918386be352036c220ca45625c7e286d3938eb579d"},
    {file = "pycurl-7.45.4-cp311-cp311-manylinux_2_28_x86_64.whl", hash = "sha256:9940e3234c1ca3d30f27a2202d325dbc25291605c98e9585100a351cacd935e8"},
    {file = "pycurl-7.45.4-cp311-cp311-win32.whl", hash = "sha256:ffd3262f98b8997ad04940061d5ebd8bab2362169b9440939c397e24a4a135b0"},
    {file = "pycurl-7.45.4-cp311-cp311-win_amd64.whl", hash = "sha256:1324a859b50bdb0abdbd5620e42f74240d0b7daf2d5925fa303695d9fc3ece18"},
    {file = "pycurl-7.45.4-cp312-cp312-macosx_10_13_x86_64.whl", hash = "sha256:731c46e7c0acffaab19f7c2ecc3d9e7ee337500e87b260b4e0b9fae2d90fa133"},
    {file = "pycurl-7.45.4-cp312-cp312-macosx_11_0_arm64.whl", hash = "sha256:13eb1643ab0bf4fdc539a2cdf1021029b07095d3196c5cee5a4271af268d3d31"},
    {file = "pycurl-7.45.4-cp312-cp312-manylinux_2_28_aarch64.whl", hash = "sha256:df5f94c051c5a163fa85064559ca94979575e2da26740ff91c078c50c541c465"},
    {file = "pycurl-7.45.4-cp312-cp312-manylinux_2_28_x86_64.whl", hash = "sha256:688d09ba2c6a0d4a749d192c43422839d73c40c85143c50cc65c944258fe0ba8"},
    {file = "pycurl-7.45.4-cp312-cp312-win32.whl", hash = "sha256:236600bfe2cd72efe47333add621286667e8fa027dadf1247349afbf30333e95"},
    {file = "pycurl-7.45.4-cp312-cp312-win_amd64.whl", hash = "sha256:26745c6c5ebdccfe8a828ac3fd4e6da6f5d2245696604f04529eb7894a02f4db"},
    {file = "pycurl-7.45.4-cp313-cp313-macosx_10_13_x86_64.whl", hash = "sha256:9bd493ce598f1dc76c8e50043c47debec27c583fa313a836b2d3667640f875d5"},
    {file = "pycurl-7.45.4-cp313-cp313-macosx_11_0_arm64.whl", hash = "sha256:4f25d52c97dbca6ebea786f0961b49c1998fa05178abf1964a977c825b3d8ae6"},
    {file = "pycurl-7.45.4-cp313-cp313-manylinux_2_28_aarch64.whl", hash = "sha256:13c4b18f44637859f34639493efd297a08670f45e4eec34ab2dcba724e3cb5fc"},
    {file = "pycurl-7.45.4-cp313-cp313-manylinux_2_28_x86_64.whl", hash = "sha256:0470bff6cc24d8c2f63c80931aa239463800871609dafc6bcc9ca10f5a12a04e"},
    {file = "pycurl-7.45.4-cp313-cp313-win32.whl", hash = "sha256:3452459668bd01d646385482362b021834a31c036aa1c02acd88924ddeff7d0d"},
    {file = "pycurl-7.45.4-cp313-cp313-win_amd64.whl", hash = "sha256:fd167f73d34beb0cb8064334aee76d9bdd13167b30be6d5d36fb07d0c8223b71"},
    {file = "pycurl-7.45.4-cp39-cp39-macosx_10_9_x86_64.whl", hash = "sha256:b0e38e3eb83b0c891f391853f798fc6a97cb5a86a4a731df0b6320e539ae54ae"},
    {file = "pycurl-7.45.4-cp39-cp39-macosx_11_0_arm64.whl", hash = "sha256:d192a48b3cec2e13ad432196b65c22e99620db92feae39c0476635354eff68c6"},
    {file = "pycurl-7.45.4-cp39-cp39-manylinux_2_28_aarch64.whl", hash = "sha256:57971d7215fc6fdedcfc092f880a59f04f52fcaf2fd329151b931623d7b59a9c"},
    {file = "pycurl-7.45.4-cp39-cp39-manylinux_2_28_x86_64.whl", hash = "sha256:73df3eb5940a7fbf4cf62f7271e9f23a8e9f80e352c838ee9a8448a70c01d3f5"},
    {file = "pycurl-7.45.4-cp39-cp39-win32.whl", hash = "sha256:587a4891039803b5f48392066f97b7cd5e7e9a166187abb5cb4b4806fdb8fbef"},
    {file = "pycurl-7.45.4-cp39-cp39-win_amd64.whl", hash = "sha256:caec8b634763351dd4e1b729a71542b1e2de885d39710ba8e7202817a381b453"},
    {file = "pycurl-7.45.4.tar.gz", hash = "sha256:32c8e237069273f4260b6ae13d1e0f99daae938977016021565dc6e11050e803"},
]

[[package]]
name = "selectolax"
version = "0.3.27"
description = "Fast HTML5 parser with CSS selectors."
optional = false
python-versions = "*"
files = [
    {file = "selectolax-0.3.27-cp310-cp310-macosx_10_9_universal2.whl", hash = "sha256:000b11bbf1c730e61ddd59106cabc77b649e5ebfb3d043abfc1d6b618dab8f0a"},
    {file = "selectolax-0.3.27-cp310-cp310-macosx_10_9_x86_64.whl", hash = "sha256:a975fb54f7180d4b919e084ce54271083fd2960df734ae3045e9c3f557617136"},
    {file = "selectolax-0.3.27-cp310-cp310-manylinux_2_17_aarch64.manylinux2014_aarch64.whl", hash = "sha256:d1388d69ddfd4d1b925f2fac9b8077d05b704bc4e93ce99c949a13bc98b6aec9"},
    {file = "selectolax-0.3.27-cp310-cp310-manylinux_2_17_x86_64.manylinux2014_x86_64.whl", hash = "sha256:11d29154d3bf9391bacbf7df1ff869427ab82a95730a8ca41b79812e21b0f45e"},
    {file = "selectolax-0.3.27-cp310-cp310-manylinux_2_5_i686.manylinux1_i686.manylinux_2_17_i686.manylinux2014_i686.whl", hash = "sha256:1459b78576081317ecebeff15eff5c8903fa1f76dd032068d1c9d23f1aa0c505"},
    {file = "selectolax-0.3.27-cp310-cp310-musllinux_1_2_aarch64.whl", hash = "sha256:2708c2a1546811138f3b71decb1ef1c4a89146b8245116ce60e78597c9e7f232"},
    {file = "selectolax-0.3.27-cp310-cp310-musllinux_1_2_i686.whl", hash = "sha256:292a43ca8d30f864f23467a67190f38175f33e2d46ece88e5c55a2ef4e2c38cb"},
    {file = "selectolax-0.3.27-cp310-cp310-musllinux_1_2_x86_64.whl", hash = "sha256:108f8759cd01a3e4d6d5969481f7e4782d4c63fd90be85c35f6925370d43f199"},
    {file = "selectolax-0.3.27-cp310-cp310-win32.whl", hash = "sha256:ceb398b9a4e25ae72cf75b6001f599f9ca9caaf652b0928e1aa67149bc3f63f6"},
    {file = "selectolax-0.3.27-cp310-cp310-win_amd64.whl", hash = "sha256:613b27f9a97cbae9febdd2d0db18db445a0caedbd9dd227d5f0b061e17bfbed7"},
    {file = "selectolax-0.3.27-cp311-cp311-macosx_10_9_universal2.whl", hash = "sha256:003e1b51384ad7f76ed97259bfa58f7d3875f77b5621732c851b8b249d6cac2a"},
    {file = "selectolax-0.3.27-cp311-cp311-macosx_10_9_x86_64.whl", hash = "sha256:d78cf0ad1853abcde986b0b6fba446bbdd9c604134eb35d1c59f7dacfa5431e6"},
    {file = "selectolax-0.3.27-cp311-cp311-manylinux_2_17_aarch64.manylinux2014_aarch64.whl", hash = "sha256:e8c9366bc38ec1e40ed5f3fa29038cc4c300d9bbf5f7c022ee32db39e271ef82"},
    {file = "selectolax-0.3.27-cp311-cp311-manylinux_2_17_x86_64.manylinux2014_x86_64.whl", hash = "sha256:f211b38ac9022263d57e713b3b23b1c6cd0aa11ac26dab9a9645cf046554cc7e"},
    {file = "selectolax-0.3.27-cp311-cp311-manylinux_2_5_i686.manylinux1_i686.manylinux_2_17_i686.manylinux2014_i686.whl", hash = "sha256:48d7df95bbc0c0b104df6ba9c89b2965306b1dc50ef077680c6c39eee0b0db45"},
    {file = "selectolax-0.3.27-cp311-cp311-musllinux_1_2_aarch64.whl", hash = "sha256:980dfefb53b2c5ee1cb8d624b48d3153c873fb28a3d410908d6c047f76d9a533"},
    {file = "selectolax-0.3.27-cp311-cp311-musllinux_1_2_i686.whl", hash = "sha256:f144a4bd5e4895fd445fa69f2304309f7191d6021378f01dccb438d6b3551685"},
    {file = "selectolax-0.3.27-cp311-cp311-musllinux_1_2_x86_64.whl", hash = "sha256:542183ba360b1852fd4086594393159a02331cf3f358be11e2914bda66ba63a8"},
    {file = "selectolax-0.3.27-cp311-cp311-win32.whl", hash = "sha256:5cd8282445e079fbcbed4fd39ebe46cc78407f9ec59405c0fdede0653b61c966"},
    {file = "selectolax-0.3.27-cp311-cp311-win_amd64.whl", hash = "sha256:28b540f21c0395cd9a5960bc3174e9c03e9ad3f5d59ebe7e8abed2d890dd3cac"},
    {file = "selectolax-0.3.27-cp312-cp312-macosx_10_13_universal2.whl", hash = "sha256:23eefd8c959e211361c29d33c82665e5b0f5a50501b168d9a3bb9d241627c675"},
    {file = "selectolax-0.3.27-cp312-cp312-macosx_10_13_x86_64.whl", hash = "sha256:fcb0e3fd823fc4a7992f15989a64bfebc91aab46873bdd567c5b2122d7ee77d5"},
    {file = "selectolax-0.3.27-cp312-cp312-manylinux_2_17_aarch64.manylinux2014_aarch64.whl", hash = "sha256:6e5ee92a9a08db66ad36367fe4cb61f41d5aff7936577794c7ac52a782114df9"},
    {file = "selectolax-0.3.27-cp312-cp312-manylinux_2_17_x86_64.manylinux2014_x86_64.whl", hash = "sha256:2ad6f3042c14746024198ef503c110a6457afe1edea5f335309226b048f7011c"},
    {file = "selectolax-0.3.27-cp312-cp312-manylinux_2_5_i686.manylinux1_i686.manylinux_2_17_i686.manylinux2014_i686.whl", hash = "sha256:afc5ebac5df69384f59a335ee09e74fb56a1bf6f2f5c617397e77265f08b2e69"},
    {file = "selectolax-0.3.27-cp312-cp312-musllinux_1_2_aarch64.whl", hash = "sha256:804267ad6bd8d35ed55e8b57ab57721cd572e185adaf1027682b3a1356703324"},
    {file = "selectolax-0.3.27-cp312-cp312-musllinux_1_2_i686.whl", hash = "sha256:afb76bdcb70f55f31c2e4c369324148238f9287cb03af3458cd190bc699d051e"},
    {file = "selectolax-0.3.27-cp312-cp312-musllinux_1_2_x86_64.whl", hash = "sha256:98f045ea4f2917e29f30fa6de6f8dcadf2d7f8e8284736428f0863f7e1b851b1"},
    {file = "selectolax-0.3.27-cp312-cp312-win32.whl", hash = "sha256:cfba7d167f8d844897f6aee9acaad4e275a04dae9702f52712f684fbe9e0a488"},
    {file = "selectolax-0.3.27-cp312-cp312-win_amd64.whl", hash = "sha256:1badda1b1c99d2ab03b5a171472a2362eb14db30490c9b472277f0ec9daf0d63"},
    {file = "selectolax-0.3.27-cp313-cp313-macosx_10_13_universal2.whl", hash = "sha256:f02a60042bd600e29025b81fe5def1615180674cab94829d9b34b4e6aa23ebe3"},
    {file = "selectolax-0.3.27-cp313-cp313-macosx_10_13_x86_64.whl", hash = "sha256:1d750b2c2e5ee0cbcb5e97ddd243ddd486452979b38d224ab49c44388f626a21"},
    {file = "selectolax-0.3.27-cp313-cp313-manylinux_2_17_aarch64.manylinux2014_aarch64.whl", hash = "sha256:8536fec1959262fc34f410083c7be990ed8f086e876ea2843a87866321a1d357"},
    {file = "selectolax-0.3.27-cp313-cp313-manylinux_2_17_x86_64.manylinux2014_x86_64.whl", hash = "sha256:0f47cfd8fd053c7cfeaf3a46354b92fee7d0fdcdbe029b05096eefbeb516696c"},
    {file = "selectolax-0.3.27-cp313-cp313-manylinux_2_5_i686.manylinux1_i686.manylinux_2_17_i686.manylinux2014_i686.whl", hash = "sha256:02fc623bee9166f8c0089d0a18b62e9b83d2b8e67b16b080e65df18349065403"},
    {file = "selectolax-0.3.27-cp313-cp313-musllinux_1_2_aarch64.whl", hash = "sha256:10f2d47626d03acd93b7e0c943f8e39e0bf93e756318a8b103a445e64ee03db3"},
    {file = "selectolax-0.3.27-cp313-cp313-musllinux_1_2_i686.whl", hash = "sha256:1d86bdca0a86f533cd9415f2090dd1a52cd251c1e9d968bf5d937b8b4d7f06ee"},
    {file = "selectolax-0.3.27-cp313-cp313-musllinux_1_2_x86_64.whl", hash = "sha256:868687ae608594725e4d9e14a7c9a29ad12b8c622bfc46ce444f61c4292c9bde"},
    {file = "selectolax-0.3.27-cp313-cp313-win32.whl", hash = "sha256:bbdae997288652ea9accc590102219932d296d9464754ddf27df12448b4ec1ca"},
    {file = "selectolax-0.3.27-cp313-cp313-win_amd64.whl", hash = "sha256:5d5330f57edeeadedae5014c74849cd8a84a6d7fb497babe8a82a4f1999b0678"},
    {file = "selectolax-0.3.27-cp37-cp37m-macosx_10_9_x86_64.whl", hash = "sha256:29557e539a4c8c06fecca9eb21d00b96a08f0fd01b33dd1c9ec71c660ff07c86"},
    {file = "selectolax-0.3.27-cp37-cp37m-manylinux_2_17_x86_64.manylinux2014_x86_64.whl", hash = "sha256:1eeb62e2e4569d3c03dd1ec33dc2352aa6549746416ca8de0f0acf7427b36908"},
    {file = "selectolax-0.3.27-cp37-cp37m-manylinux_2_5_i686.manylinux1_i686.manylinux_2_17_i686.manylinux2014_i686.whl", hash = "sha256:853d59fbf9ccbe3bd2c222f9a33f984e421fb2ef2ea39fd3e469568256315242"},
    {file = "selectolax-0.3.27-cp37-cp37m-musllinux_1_2_i686.whl", hash = "sha256:085640fe89aeab643eaa8e37d372ba83b43b748d1a7f3fedab9ff49dc92c262d"},
    {file = "selectolax-0.3.27-cp37-cp37m-musllinux_1_2_x86_64.whl", hash = "sha256:fd8e75ef6fa5133893684e0c8e2646a344a46fdf1937f0e15933dbd1a12831b6"},
    {file = "selectolax-0.3.27-cp37-cp37m-win32.whl", hash = "sha256:ebbda30a8e940ee1ba1cf10d1e4664aeddbf29b90dfdc7d327819ca7b6cfa8de"},
    {file = "selectolax-0.3.27-cp37-cp37m-win_amd64.whl", hash = "sha256:b20ff234ddc1ea5974e0644af750c46cddaa2c5ad509f68ec47f9867e8dcf85f"},
    {file = "selectolax-0.3.27-cp38-cp38-macosx_10_9_universal2.whl", hash = "sha256:bf979b04a56cc8970a3018a6801bb600acc62a32c0e5f51364d2b16b3c39deae"},
    {file = "selectolax-0.3.27-cp38-cp38-macosx_10_9_x86_64.whl", hash = "sha256:90ad3f96336d5b2520c28f2670af93f7d286409f7039432595fb91402bc8fa35"},
    {file = "selectolax-0.3.27-cp38-cp38-manylinux_2_17_x86_64.manylinux2014_x86_64.whl", hash = "sha256:05dbb583c4287d0bf0a4fb851b05d03cda4a716f84be07932f4ba564ab8eddd9"},
    {file = "selectolax-0.3.27-cp38-cp38-manylinux_2_5_i686.manylinux1_i686.manylinux_2_17_i686.manylinux2014_i686.whl", hash = "sha256:442ba2922a37df6dce77791ba558a999a83839c21914906815a5a53b8ca1e765"},
    {file = "selectolax-0.3.27-cp38-cp38-musllinux_1_2_i686.whl", hash = "sha256:6df9182a8f132354b0083f37d3510b5617cb25e1895dc2db8db01e0e59c32e45"},
    {file = "selectolax-0.3.27-cp38-cp38-musllinux_1_2_x86_64.whl", hash = "sha256:d011d372520b3e047859af5f48bc3593cfafcd0e83b21eeda82ea37843581c5a"},
    {file = "selectolax-0.3.27-cp38-cp38-win32.whl", hash = "sha256:58c073f1ca8ae5b0feec713372ff11e3c1ac8f5c5f3865e51bb50d100a6880a0"},
    {file = "selectolax-0.3.27-cp38-cp38-win_amd64.whl", hash = "sha256:a957327c992a8ad54505b16963cd268a5f0c8d74b6f4fbd2c95c106aff6fdaa7"},
    {file = "selectolax-0.3.27-cp39-cp39-macosx_10_9_universal2.whl", hash = "sha256:a4c285f101e5fa07ae202ccc6f347921adc3af1934c752856223296a4234e748"},
    {file = "selectolax-0.3.27-cp39-cp39-macosx_10_9_x86_64.whl", hash = "sha256:52cda4030d1348c4b7759332a64f8d987c1ff5b4538aa2fbacfbc4af06e505f3"},
    {file = "selectolax-0.3.27-cp39-cp39-manylinux_2_17_aarch64.manylinux2014_aarch64.whl", hash = "sha256:a4353f39618eab62b17424029e45c6d216622165624d6865c189d29450cbc00f"},
    {file = "selectolax-0.3.27-cp39-cp39-manylinux_2_17_x86_64.manylinux2014_x86_64.whl", hash = "sha256:81c2c1b0404755463c2bf75ceb6daa7f8c4cc5e4e27cd8406b1f3b4101ef5a36"},
    {file = "selectolax-0.3.27-cp39-cp39-manylinux_2_5_i686.manylinux1_i686.manylinux_2_17_i686.manylinux2014_i686.whl", hash = "sha256:7cef48126ed38ac8ff17e3dff81223f97e4f1ea5c419cbdd7acced8966ef3421"},
    {file = "selectolax-0.3.27-cp39-cp39-musllinux_1_2_aarch64.whl", hash = "sha256:07b061953ae50be3499ff0fea6a47368ec1428f5e0c454ea518c7a4fee70878d"},
    {file = "selectolax-0.3.27-cp39-cp39-musllinux_1_2_i686.whl", hash = "sha256:c4ddea351445a68df9c2fc455d7a73a26ea27fd39f5434d5ad02df70f409a3ea"},
    {file = "selectolax-0.3.27-cp39-cp39-musllinux_1_2_x86_64.whl", hash = "sha256:9d66c2c9108082f6dd7a7b73b3811e01042f9c9a21dd6b70a1ce92ee60e0128e"},
    {file = "selectolax-0.3.27-cp39-cp39-win32.whl", hash = "sha256:9d9cc3f059508f1e0b7f10037c9024b030ad2ce902978aacf0eaba438b37e961"},
    {file = "selectolax-0.3.27-cp39-cp39-win_amd64.whl", hash = "sha256:b8ead43295d2d8e7819279d145f43b3683643e36876caf41ef6e571bc5a9a9f0"},
    {file = "selectolax-0.3.27.tar.gz", hash = "sha256:0e058f869e55d40596a92bff59fffdb551f7135cbf938b0756e9a3bd8de1ffc5"},
]

[package.extras]
cython = ["Cython (==3.0.11)"]

[metadata]
lock-version = "2.0"
python-versions = "^3.12"
content-hash = "eb48b9308f3088588d303cf40fd59566b1318789630af6ded67c6008380c5f91"
